// !$*UTF8*$!
{
	archiveVersion = 1;
	classes = {
	};
	objectVersion = 46;
	objects = {

/* Begin PBXBuildFile section */
		A18948741D8D9CB500BF0EE0 /* AppDelegate.swift in Sources */ = {isa = PBXBuildFile; fileRef = A18948731D8D9CB500BF0EE0 /* AppDelegate.swift */; };
		A18948761D8D9CB500BF0EE0 /* ViewController.swift in Sources */ = {isa = PBXBuildFile; fileRef = A18948751D8D9CB500BF0EE0 /* ViewController.swift */; };
		A18948791D8D9CB500BF0EE0 /* Main.storyboard in Resources */ = {isa = PBXBuildFile; fileRef = A18948771D8D9CB500BF0EE0 /* Main.storyboard */; };
		A189487B1D8D9CB500BF0EE0 /* Assets.xcassets in Resources */ = {isa = PBXBuildFile; fileRef = A189487A1D8D9CB500BF0EE0 /* Assets.xcassets */; };
		A189487E1D8D9CB500BF0EE0 /* LaunchScreen.storyboard in Resources */ = {isa = PBXBuildFile; fileRef = A189487C1D8D9CB500BF0EE0 /* LaunchScreen.storyboard */; };
/* End PBXBuildFile section */

/* Begin PBXFileReference section */
		A18948701D8D9CB500BF0EE0 /* PaperScissors.app */ = {isa = PBXFileReference; explicitFileType = wrapper.application; includeInIndex = 0; path = PaperScissors.app; sourceTree = BUILT_PRODUCTS_DIR; };
		A18948731D8D9CB500BF0EE0 /* AppDelegate.swift */ = {isa = PBXFileReference; lastKnownFileType = sourcecode.swift; path = AppDelegate.swift; sourceTree = "<group>"; };
		A18948751D8D9CB500BF0EE0 /* ViewController.swift */ = {isa = PBXFileReference; lastKnownFileType = sourcecode.swift; path = ViewController.swift; sourceTree = "<group>"; };
		A18948781D8D9CB500BF0EE0 /* Base */ = {isa = PBXFileReference; lastKnownFileType = file.storyboard; name = Base; path = Base.lproj/Main.storyboard; sourceTree = "<group>"; };
		A189487A1D8D9CB500BF0EE0 /* Assets.xcassets */ = {isa = PBXFileReference; lastKnownFileType = folder.assetcatalog; path = Assets.xcassets; sourceTree = "<group>"; };
		A189487D1D8D9CB500BF0EE0 /* Base */ = {isa = PBXFileReference; lastKnownFileType = file.storyboard; name = Base; path = Base.lproj/LaunchScreen.storyboard; sourceTree = "<group>"; };
		A189487F1D8D9CB500BF0EE0 /* Info.plist */ = {isa = PBXFileReference; lastKnownFileType = text.plist.xml; path = Info.plist; sourceTree = "<group>"; };
/* End PBXFileReference section */

/* Begin PBXFrameworksBuildPhase section */
		A189486D1D8D9CB500BF0EE0 /* Frameworks */ = {
			isa = PBXFrameworksBuildPhase;
			buildActionMask = 2147483647;
			files = (
			);
			runOnlyForDeploymentPostprocessing = 0;
		};
/* End PBXFrameworksBuildPhase section */

/* Begin PBXGroup section */
		A18948671D8D9CB500BF0EE0 = {
			isa = PBXGroup;
			children = (
				A18948721D8D9CB500BF0EE0 /* PaperScissors */,
				A18948711D8D9CB500BF0EE0 /* Products */,
			);
			sourceTree = "<group>";
		};
		A18948711D8D9CB500BF0EE0 /* Products */ = {
			isa = PBXGroup;
			children = (
				A18948701D8D9CB500BF0EE0 /* PaperScissors.app */,
			);
			name = Products;
			sourceTree = "<group>";
		};
		A18948721D8D9CB500BF0EE0 /* PaperScissors */ = {
			isa = PBXGroup;
			children = (
				A18948731D8D9CB500BF0EE0 /* AppDelegate.swift */,
				A18948751D8D9CB500BF0EE0 /* ViewController.swift */,
				A18948771D8D9CB500BF0EE0 /* Main.storyboard */,
				A189487A1D8D9CB500BF0EE0 /* Assets.xcassets */,
				A189487C1D8D9CB500BF0EE0 /* LaunchScreen.storyboard */,
				A189487F1D8D9CB500BF0EE0 /* Info.plist */,
			);
			path = PaperScissors;
			sourceTree = "<group>";
		};
/* End PBXGroup section */

/* Begin PBXNativeTarget section */
		A189486F1D8D9CB500BF0EE0 /* PaperScissors */ = {
			isa = PBXNativeTarget;
			buildConfigurationList = A18948821D8D9CB500BF0EE0 /* Build configuration list for PBXNativeTarget "PaperScissors" */;
			buildPhases = (
				A189486C1D8D9CB500BF0EE0 /* Sources */,
				A189486D1D8D9CB500BF0EE0 /* Frameworks */,
				A189486E1D8D9CB500BF0EE0 /* Resources */,
			);
			buildRules = (
			);
			dependencies = (
			);
			name = PaperScissors;
			productName = PaperScissors;
			productReference = A18948701D8D9CB500BF0EE0 /* PaperScissors.app */;
			productType = "com.apple.product-type.application";
		};
/* End PBXNativeTarget section */

/* Begin PBXProject section */
		A18948681D8D9CB500BF0EE0 /* Project object */ = {
			isa = PBXProject;
			attributes = {
				LastSwiftUpdateCheck = 0710;
				LastUpgradeCheck = 0710;
				ORGANIZATIONNAME = "Andy Chou";
				TargetAttributes = {
					A189486F1D8D9CB500BF0EE0 = {
						CreatedOnToolsVersion = 7.1;
					};
				};
			};
			buildConfigurationList = A189486B1D8D9CB500BF0EE0 /* Build configuration list for PBXProject "PaperScissors" */;
			compatibilityVersion = "Xcode 3.2";
			developmentRegion = English;
			hasScannedForEncodings = 0;
			knownRegions = (
				en,
				Base,
			);
			mainGroup = A18948671D8D9CB500BF0EE0;
			productRefGroup = A18948711D8D9CB500BF0EE0 /* Products */;
			projectDirPath = "";
			projectRoot = "";
			targets = (
				A189486F1D8D9CB500BF0EE0 /* PaperScissors */,
			);
		};
/* End PBXProject section */

/* Begin PBXResourcesBuildPhase section */
		A189486E1D8D9CB500BF0EE0 /* Resources */ = {
			isa = PBXResourcesBuildPhase;
			buildActionMask = 2147483647;
			files = (
				A189487E1D8D9CB500BF0EE0 /* LaunchScreen.storyboard in Resources */,
				A189487B1D8D9CB500BF0EE0 /* Assets.xcassets in Resources */,
				A18948791D8D9CB500BF0EE0 /* Main.storyboard in Resources */,
			);
			runOnlyForDeploymentPostprocessing = 0;
		};
/* End PBXResourcesBuildPhase section */

/* Begin PBXSourcesBuildPhase section */
		A189486C1D8D9CB500BF0EE0 /* Sources */ = {
			isa = PBXSourcesBuildPhase;
			buildActionMask = 2147483647;
			files = (
				A18948761D8D9CB500BF0EE0 /* ViewController.swift in Sources */,
				A18948741D8D9CB500BF0EE0 /* AppDelegate.swift in Sources */,
			);
			runOnlyForDeploymentPostprocessing = 0;
		};
/* End PBXSourcesBuildPhase section */

/* Begin PBXVariantGroup section */
		A18948771D8D9CB500BF0EE0 /* Main.storyboard */ = {
			isa = PBXVariantGroup;
			children = (
				A18948781D8D9CB500BF0EE0 /* Base */,
			);
			name = Main.storyboard;
			sourceTree = "<group>";
		};
		A189487C1D8D9CB500BF0EE0 /* LaunchScreen.storyboard */ = {
			isa = PBXVariantGroup;
			children = (
				A189487D1D8D9CB500BF0EE0 /* Base */,
			);
			name = LaunchScreen.storyboard;
			sourceTree = "<group>";
		};
/* End PBXVariantGroup section */

/* Begin XCBuildConfiguration section */
		A18948801D8D9CB500BF0EE0 /* Debug */ = {
			isa = XCBuildConfiguration;
			buildSettings = {
				ALWAYS_SEARCH_USER_PATHS = NO;
				CLANG_CXX_LANGUAGE_STANDARD = "gnu++0x";
				CLANG_CXX_LIBRARY = "libc++";
				CLANG_ENABLE_MODULES = YES;
				CLANG_ENABLE_OBJC_ARC = YES;
				CLANG_WARN_BOOL_CONVERSION = YES;
				CLANG_WARN_CONSTANT_CONVERSION = YES;
				CLANG_WARN_DIRECT_OBJC_ISA_USAGE = YES_ERROR;
				CLANG_WARN_EMPTY_BODY = YES;
				CLANG_WARN_ENUM_CONVERSION = YES;
				CLANG_WARN_INT_CONVERSION = YES;
				CLANG_WARN_OBJC_ROOT_CLASS = YES_ERROR;
				CLANG_WARN_UNREACHABLE_CODE = YES;
				CLANG_WARN__DUPLICATE_METHOD_MATCH = YES;
				"CODE_SIGN_IDENTITY[sdk=iphoneos*]" = "iPhone Developer";
				COPY_PHASE_STRIP = NO;
				DEBUG_INFORMATION_FORMAT = dwarf;
				ENABLE_STRICT_OBJC_MSGSEND = YES;
				ENABLE_TESTABILITY = YES;
				GCC_C_LANGUAGE_STANDARD = gnu99;
				GCC_DYNAMIC_NO_PIC = NO;
				GCC_NO_COMMON_BLOCKS = YES;
				GCC_OPTIMIZATION_LEVEL = 0;
				GCC_PREPROCESSOR_DEFINITIONS = (
					"DEBUG=1",
					"$(inherited)",
				);
				GCC_WARN_64_TO_32_BIT_CONVERSION = YES;
				GCC_WARN_ABOUT_RETURN_TYPE = YES_ERROR;
				GCC_WARN_UNDECLARED_SELECTOR = YES;
				GCC_WARN_UNINITIALIZED_AUTOS = YES_AGGRESSIVE;
				GCC_WARN_UNUSED_FUNCTION = YES;
				GCC_WARN_UNUSED_VARIABLE = YES;
				IPHONEOS_DEPLOYMENT_TARGET = 9.1;
				MTL_ENABLE_DEBUG_INFO = YES;
				ONLY_ACTIVE_ARCH = YES;
				SDKROOT = iphoneos;
				SWIFT_OPTIMIZATION_LEVEL = "-Onone";
			};
			name = Debug;
		};
		A18948811D8D9CB500BF0EE0 /* Release */ = {
			isa = XCBuildConfiguration;
			buildSettings = {
				ALWAYS_SEARCH_USER_PATHS = NO;
				CLANG_CXX_LANGUAGE_STANDARD = "gnu++0x";
				CLANG_CXX_LIBRARY = "libc++";
				CLANG_ENABLE_MODULES = YES;
				CLANG_ENABLE_OBJC_ARC = YES;
				CLANG_WARN_BOOL_CONVERSION = YES;
				CLANG_WARN_CONSTANT_CONVERSION = YES;
				CLANG_WARN_DIRECT_OBJC_ISA_USAGE = YES_ERROR;
				CLANG_WARN_EMPTY_BODY = YES;
				CLANG_WARN_ENUM_CONVERSION = YES;
				CLANG_WARN_INT_CONVERSION = YES;
				CLANG_WARN_OBJC_ROOT_CLASS = YES_ERROR;
				CLANG_WARN_UNREACHABLE_CODE = YES;
				CLANG_WARN__DUPLICATE_METHOD_MATCH = YES;
				"CODE_SIGN_IDENTITY[sdk=iphoneos*]" = "iPhone Developer";
				COPY_PHASE_STRIP = NO;
				DEBUG_INFORMATION_FORMAT = "dwarf-with-dsym";
				ENABLE_NS_ASSERTIONS = NO;
				ENABLE_STRICT_OBJC_MSGSEND = YES;
				GCC_C_LANGUAGE_STANDARD = gnu99;
				GCC_NO_COMMON_BLOCKS = YES;
				GCC_WARN_64_TO_32_BIT_CONVERSION = YES;
				GCC_WARN_ABOUT_RETURN_TYPE = YES_ERROR;
				GCC_WARN_UNDECLARED_SELECTOR = YES;
				GCC_WARN_UNINITIALIZED_AUTOS = YES_AGGRESSIVE;
				GCC_WARN_UNUSED_FUNCTION = YES;
				GCC_WARN_UNUSED_VARIABLE = YES;
				IPHONEOS_DEPLOYMENT_TARGET = 9.1;
				MTL_ENABLE_DEBUG_INFO = NO;
				SDKROOT = iphoneos;
				VALIDATE_PRODUCT = YES;
			};
			name = Release;
		};
		A18948831D8D9CB500BF0EE0 /* Debug */ = {
			isa = XCBuildConfiguration;
			buildSettings = {
				ASSETCATALOG_COMPILER_APPICON_NAME = AppIcon;
				INFOPLIST_FILE = PaperScissors/Info.plist;
				LD_RUNPATH_SEARCH_PATHS = "$(inherited) @executable_path/Frameworks";
				PRODUCT_BUNDLE_IDENTIFIER = AndyChou.PaperScissors;
				PRODUCT_NAME = "$(TARGET_NAME)";
			};
			name = Debug;
		};
		A18948841D8D9CB500BF0EE0 /* Release */ = {
			isa = XCBuildConfiguration;
			buildSettings = {
				ASSETCATALOG_COMPILER_APPICON_NAME = AppIcon;
				INFOPLIST_FILE = PaperScissors/Info.plist;
				LD_RUNPATH_SEARCH_PATHS = "$(inherited) @executable_path/Frameworks";
				PRODUCT_BUNDLE_IDENTIFIER = AndyChou.PaperScissors;
				PRODUCT_NAME = "$(TARGET_NAME)";
			};
			name = Release;
		};
/* End XCBuildConfiguration section */

/* Begin XCConfigurationList section */
		A189486B1D8D9CB500BF0EE0 /* Build configuration list for PBXProject "PaperScissors" */ = {
			isa = XCConfigurationList;
			buildConfigurations = (
				A18948801D8D9CB500BF0EE0 /* Debug */,
				A18948811D8D9CB500BF0EE0 /* Release */,
			);
			defaultConfigurationIsVisible = 0;
			defaultConfigurationName = Release;
		};
		A18948821D8D9CB500BF0EE0 /* Build configuration list for PBXNativeTarget "PaperScissors" */ = {
			isa = XCConfigurationList;
			buildConfigurations = (
				A18948831D8D9CB500BF0EE0 /* Debug */,
				A18948841D8D9CB500BF0EE0 /* Release */,
			);
			defaultConfigurationIsVisible = 0;
		};
/* End XCConfigurationList section */
	};
	rootObject = A18948681D8D9CB500BF0EE0 /* Project object */;
}
